{
    "_meta": {
        "hash": {
            "sha256": "da3595bcc87372801e9700d3eb8ebd78e0099d4fac21636ac72ce3a01776a572"
        },
        "requires": {},
        "sources": [
            {
                "url": "https://pypi.python.org/simple",
                "verify_ssl": true
            }
        ]
    },
    "default": {
        "certifi": {
            "version": "==2017.4.17"
        },
        "chardet": {
            "version": "==3.0.4"
        },
        "decorator": {
            "version": "==4.0.11"
        },
        "idna": {
            "version": "==2.5"
        },
        "requests": {
            "version": "==2.18.1"
        },
        "urllib3": {
            "version": "==1.21.1"
        }
    },
    "develop": {
        "py": {
            "version": "==1.4.34"
        },
        "pytest": {
            "version": "==3.1.3"
        },
        "setuptools": {
            "version": "==36.0.1"
        }
    }
}